
Microsoft Visual Studio Solution File, Format Version 12.00
# Visual Studio Version 16
VisualStudioVersion = 16.0.30204.135
MinimumVisualStudioVersion = 10.0.40219.1
Project("{FAE04EC0-301F-11D3-BF4B-00C04F79EFBC}") = "Arango.Client", "Arango.Client\Arango.Client.csproj", "{67D4E790-D237-4672-B3A8-F3390B77C7F0}"
EndProject
Project("{FAE04EC0-301F-11D3-BF4B-00C04F79EFBC}") = "Arango.Tests", "Arango.Tests\Arango.Tests.csproj", "{1115B3AA-04F6-48E6-B0D1-40D9EB93EC71}"
EndProject
Project("{FAE04EC0-301F-11D3-BF4B-00C04F79EFBC}") = "Arango.ConsoleTests", "Arango.ConsoleTests\Arango.ConsoleTests.csproj", "{04108000-AD23-4D52-AD8E-2D72D09B5607}"
EndProject
Global
	GlobalSection(SolutionConfigurationPlatforms) = preSolution
		Debug|Any CPU = Debug|Any CPU
		Release|Any CPU = Release|Any CPU
	EndGlobalSection
	GlobalSection(ProjectConfigurationPlatforms) = postSolution
		{67D4E790-D237-4672-B3A8-F3390B77C7F0}.Debug|Any CPU.ActiveCfg = Debug|Any CPU
		{67D4E790-D237-4672-B3A8-F3390B77C7F0}.Debug|Any CPU.Build.0 = Debug|Any CPU
		{67D4E790-D237-4672-B3A8-F3390B77C7F0}.Release|Any CPU.ActiveCfg = Release|Any CPU
		{67D4E790-D237-4672-B3A8-F3390B77C7F0}.Release|Any CPU.Build.0 = Release|Any CPU
		{1115B3AA-04F6-48E6-B0D1-40D9EB93EC71}.Debug|Any CPU.ActiveCfg = Debug|Any CPU
		{1115B3AA-04F6-48E6-B0D1-40D9EB93EC71}.Debug|Any CPU.Build.0 = Debug|Any CPU
		{1115B3AA-04F6-48E6-B0D1-40D9EB93EC71}.Release|Any CPU.ActiveCfg = Release|Any CPU
		{1115B3AA-04F6-48E6-B0D1-40D9EB93EC71}.Release|Any CPU.Build.0 = Release|Any CPU
		{04108000-AD23-4D52-AD8E-2D72D09B5607}.Debug|Any CPU.ActiveCfg = Debug|Any CPU
		{04108000-AD23-4D52-AD8E-2D72D09B5607}.Debug|Any CPU.Build.0 = Debug|Any CPU
		{04108000-AD23-4D52-AD8E-2D72D09B5607}.Release|Any CPU.ActiveCfg = Release|Any CPU
		{04108000-AD23-4D52-AD8E-2D72D09B5607}.Release|Any CPU.Build.0 = Release|Any CPU
	EndGlobalSection
	GlobalSection(SolutionProperties) = preSolution
		HideSolutionNode = FALSE
	EndGlobalSection
	GlobalSection(ExtensibilityGlobals) = postSolution
		SolutionGuid = {280463CF-F3EB-4A9A-9BBC-F2EC687EB9B1}
	EndGlobalSection
EndGlobal
